
Microsoft Visual Studio Solution File, Format Version 12.00
# Visual Studio Version 17
VisualStudioVersion = 17.4.33213.308
MinimumVisualStudioVersion = 10.0.40219.1
Project("{FAE04EC0-301F-11D3-BF4B-00C04F79EFBC}") = "Abeczar Inventory System", "Abeczar Inventory System.csproj", "{FAE805F0-EA7F-42DA-B3B0-A0C2ECF6F86D}"
EndProject
Global
	GlobalSection(SolutionConfigurationPlatforms) = preSolution
		Debug|Any CPU = Debug|Any CPU
		Release|Any CPU = Release|Any CPU
	EndGlobalSection
	GlobalSection(ProjectConfigurationPlatforms) = postSolution
		{FAE805F0-EA7F-42DA-B3B0-A0C2ECF6F86D}.Debug|Any CPU.ActiveCfg = Debug|Any CPU
		{FAE805F0-EA7F-42DA-B3B0-A0C2ECF6F86D}.Debug|Any CPU.Build.0 = Debug|Any CPU
		{FAE805F0-EA7F-42DA-B3B0-A0C2ECF6F86D}.Release|Any CPU.ActiveCfg = Release|Any CPU
		{FAE805F0-EA7F-42DA-B3B0-A0C2ECF6F86D}.Release|Any CPU.Build.0 = Release|Any CPU
	EndGlobalSection
	GlobalSection(SolutionProperties) = preSolution
		HideSolutionNode = FALSE
	EndGlobalSection
	GlobalSection(ExtensibilityGlobals) = postSolution
		SolutionGuid = {12DDD923-4645-4E36-9E18-2AEB2DDBB8A5}
	EndGlobalSection
EndGlobal
